
Microsoft Visual Studio Solution File, Format Version 12.00
# Visual Studio 15
VisualStudioVersion = 15.0.28307.757
MinimumVisualStudioVersion = 10.0.40219.1
Project("{8BC9CEB8-8B4A-11D0-8D11-00A0C91BC942}") = "time", "time\time.vcxproj", "{EDDF697F-DE25-4AB0-81D4-F39D169EDC13}"
EndProject
Project("{54435603-DBB4-11D2-8724-00A0C9A8B90C}") = "parkingLot", "Setup1\Setup1.vdproj", "{7D9C55DF-CE72-437E-99F8-F22345E07B50}"
EndProject
Global
	GlobalSection(SolutionConfigurationPlatforms) = preSolution
		Debug|x64 = Debug|x64
		Debug|x86 = Debug|x86
		Release|x64 = Release|x64
		Release|x86 = Release|x86
	EndGlobalSection
	GlobalSection(ProjectConfigurationPlatforms) = postSolution
		{EDDF697F-DE25-4AB0-81D4-F39D169EDC13}.Debug|x64.ActiveCfg = Debug|x64
		{EDDF697F-DE25-4AB0-81D4-F39D169EDC13}.Debug|x64.Build.0 = Debug|x64
		{EDDF697F-DE25-4AB0-81D4-F39D169EDC13}.Debug|x86.ActiveCfg = Debug|Win32
		{EDDF697F-DE25-4AB0-81D4-F39D169EDC13}.Debug|x86.Build.0 = Debug|Win32
		{EDDF697F-DE25-4AB0-81D4-F39D169EDC13}.Release|x64.ActiveCfg = Release|x64
		{EDDF697F-DE25-4AB0-81D4-F39D169EDC13}.Release|x64.Build.0 = Release|x64
		{EDDF697F-DE25-4AB0-81D4-F39D169EDC13}.Release|x86.ActiveCfg = Release|Win32
		{EDDF697F-DE25-4AB0-81D4-F39D169EDC13}.Release|x86.Build.0 = Release|Win32
		{7D9C55DF-CE72-437E-99F8-F22345E07B50}.Debug|x64.ActiveCfg = Debug
		{7D9C55DF-CE72-437E-99F8-F22345E07B50}.Debug|x86.ActiveCfg = Debug
		{7D9C55DF-CE72-437E-99F8-F22345E07B50}.Release|x64.ActiveCfg = Release
		{7D9C55DF-CE72-437E-99F8-F22345E07B50}.Release|x86.ActiveCfg = Release
	EndGlobalSection
	GlobalSection(SolutionProperties) = preSolution
		HideSolutionNode = FALSE
	EndGlobalSection
	GlobalSection(ExtensibilityGlobals) = postSolution
		SolutionGuid = {F0CB87E6-3AE8-451B-ABB8-5F3C6D85DBCA}
	EndGlobalSection
EndGlobal
